// !$*UTF8*$!
{
	archiveVersion = 1;
	classes = {
	};
	objectVersion = 50;
	objects = {

/* Begin PBXBuildFile section */
		6DD9700621F0E77C0076DA4D /* AppDelegate.swift in Sources */ = {isa = PBXBuildFile; fileRef = 6DD9700521F0E77C0076DA4D /* AppDelegate.swift */; };
		6DD9700821F0E77C0076DA4D /* ViewController.swift in Sources */ = {isa = PBXBuildFile; fileRef = 6DD9700721F0E77C0076DA4D /* ViewController.swift */; };
		6DD9700B21F0E77C0076DA4D /* Main.storyboard in Resources */ = {isa = PBXBuildFile; fileRef = 6DD9700921F0E77C0076DA4D /* Main.storyboard */; };
		6DD9700D21F0E77E0076DA4D /* Assets.xcassets in Resources */ = {isa = PBXBuildFile; fileRef = 6DD9700C21F0E77E0076DA4D /* Assets.xcassets */; };
		6DD9701021F0E77E0076DA4D /* LaunchScreen.storyboard in Resources */ = {isa = PBXBuildFile; fileRef = 6DD9700E21F0E77E0076DA4D /* LaunchScreen.storyboard */; };
		6DD9701921F1050B0076DA4D /* Word.swift in Sources */ = {isa = PBXBuildFile; fileRef = 6DD9701821F1050B0076DA4D /* Word.swift */; };
		6DD9701B21F105640076DA4D /* WordBank.swift in Sources */ = {isa = PBXBuildFile; fileRef = 6DD9701A21F105640076DA4D /* WordBank.swift */; };
		9CA5FC1C0576CF558965A3A9 /* Pods_sb2.framework in Frameworks */ = {isa = PBXBuildFile; fileRef = 16A6C7EFE8D9E5D866422E8E /* Pods_sb2.framework */; };
/* End PBXBuildFile section */

/* Begin PBXFileReference section */
		00190AACB68FC47E70C221C8 /* Pods-sb2.release.xcconfig */ = {isa = PBXFileReference; includeInIndex = 1; lastKnownFileType = text.xcconfig; name = "Pods-sb2.release.xcconfig"; path = "Pods/Target Support Files/Pods-sb2/Pods-sb2.release.xcconfig"; sourceTree = "<group>"; };
		16A6C7EFE8D9E5D866422E8E /* Pods_sb2.framework */ = {isa = PBXFileReference; explicitFileType = wrapper.framework; includeInIndex = 0; path = Pods_sb2.framework; sourceTree = BUILT_PRODUCTS_DIR; };
		6DD9700221F0E77C0076DA4D /* sb2.app */ = {isa = PBXFileReference; explicitFileType = wrapper.application; includeInIndex = 0; path = sb2.app; sourceTree = BUILT_PRODUCTS_DIR; };
		6DD9700521F0E77C0076DA4D /* AppDelegate.swift */ = {isa = PBXFileReference; lastKnownFileType = sourcecode.swift; path = AppDelegate.swift; sourceTree = "<group>"; };
		6DD9700721F0E77C0076DA4D /* ViewController.swift */ = {isa = PBXFileReference; lastKnownFileType = sourcecode.swift; path = ViewController.swift; sourceTree = "<group>"; };
		6DD9700A21F0E77C0076DA4D /* Base */ = {isa = PBXFileReference; lastKnownFileType = file.storyboard; name = Base; path = Base.lproj/Main.storyboard; sourceTree = "<group>"; };
		6DD9700C21F0E77E0076DA4D /* Assets.xcassets */ = {isa = PBXFileReference; lastKnownFileType = folder.assetcatalog; path = Assets.xcassets; sourceTree = "<group>"; };
		6DD9700F21F0E77E0076DA4D /* Base */ = {isa = PBXFileReference; lastKnownFileType = file.storyboard; name = Base; path = Base.lproj/LaunchScreen.storyboard; sourceTree = "<group>"; };
		6DD9701121F0E77E0076DA4D /* Info.plist */ = {isa = PBXFileReference; lastKnownFileType = text.plist.xml; path = Info.plist; sourceTree = "<group>"; };
		6DD9701821F1050B0076DA4D /* Word.swift */ = {isa = PBXFileReference; lastKnownFileType = sourcecode.swift; path = Word.swift; sourceTree = "<group>"; };
		6DD9701A21F105640076DA4D /* WordBank.swift */ = {isa = PBXFileReference; lastKnownFileType = sourcecode.swift; path = WordBank.swift; sourceTree = "<group>"; };
		78EACCE8DF7E42BD5A34FAFC /* Pods-sb2.debug.xcconfig */ = {isa = PBXFileReference; includeInIndex = 1; lastKnownFileType = text.xcconfig; name = "Pods-sb2.debug.xcconfig"; path = "Pods/Target Support Files/Pods-sb2/Pods-sb2.debug.xcconfig"; sourceTree = "<group>"; };
/* End PBXFileReference section */

/* Begin PBXFrameworksBuildPhase section */
		6DD96FFF21F0E77C0076DA4D /* Frameworks */ = {
			isa = PBXFrameworksBuildPhase;
			buildActionMask = 2147483647;
			files = (
				9CA5FC1C0576CF558965A3A9 /* Pods_sb2.framework in Frameworks */,
			);
			runOnlyForDeploymentPostprocessing = 0;
		};
/* End PBXFrameworksBuildPhase section */

/* Begin PBXGroup section */
		6DD96FF921F0E77C0076DA4D = {
			isa = PBXGroup;
			children = (
				6DD9700421F0E77C0076DA4D /* sb2 */,
				6DD9700321F0E77C0076DA4D /* Products */,
				F72D6D39BDC48AE7687686EF /* Pods */,
				C8236A2B4C362BE4B74E7881 /* Frameworks */,
			);
			sourceTree = "<group>";
		};
		6DD9700321F0E77C0076DA4D /* Products */ = {
			isa = PBXGroup;
			children = (
				6DD9700221F0E77C0076DA4D /* sb2.app */,
			);
			name = Products;
			sourceTree = "<group>";
		};
		6DD9700421F0E77C0076DA4D /* sb2 */ = {
			isa = PBXGroup;
			children = (
				6DD9701721F104EA0076DA4D /* Model */,
				6DD9700521F0E77C0076DA4D /* AppDelegate.swift */,
				6DD9700721F0E77C0076DA4D /* ViewController.swift */,
				6DD9700921F0E77C0076DA4D /* Main.storyboard */,
				6DD9700C21F0E77E0076DA4D /* Assets.xcassets */,
				6DD9700E21F0E77E0076DA4D /* LaunchScreen.storyboard */,
				6DD9701121F0E77E0076DA4D /* Info.plist */,
			);
			path = sb2;
			sourceTree = "<group>";
		};
		6DD9701721F104EA0076DA4D /* Model */ = {
			isa = PBXGroup;
			children = (
				6DD9701821F1050B0076DA4D /* Word.swift */,
				6DD9701A21F105640076DA4D /* WordBank.swift */,
			);
			path = Model;
			sourceTree = "<group>";
		};
		C8236A2B4C362BE4B74E7881 /* Frameworks */ = {
			isa = PBXGroup;
			children = (
				16A6C7EFE8D9E5D866422E8E /* Pods_sb2.framework */,
			);
			name = Frameworks;
			sourceTree = "<group>";
		};
		F72D6D39BDC48AE7687686EF /* Pods */ = {
			isa = PBXGroup;
			children = (
				78EACCE8DF7E42BD5A34FAFC /* Pods-sb2.debug.xcconfig */,
				00190AACB68FC47E70C221C8 /* Pods-sb2.release.xcconfig */,
			);
			name = Pods;
			sourceTree = "<group>";
		};
/* End PBXGroup section */

/* Begin PBXNativeTarget section */
		6DD9700121F0E77C0076DA4D /* sb2 */ = {
			isa = PBXNativeTarget;
			buildConfigurationList = 6DD9701421F0E77E0076DA4D /* Build configuration list for PBXNativeTarget "sb2" */;
			buildPhases = (
				405B0F6CE64839B0F9176F35 /* [CP] Check Pods Manifest.lock */,
				6DD96FFE21F0E77C0076DA4D /* Sources */,
				6DD96FFF21F0E77C0076DA4D /* Frameworks */,
				6DD9700021F0E77C0076DA4D /* Resources */,
				B9DBF3A70593FCF8FE460968 /* [CP] Embed Pods Frameworks */,
			);
			buildRules = (
			);
			dependencies = (
			);
			name = sb2;
			productName = sb2;
			productReference = 6DD9700221F0E77C0076DA4D /* sb2.app */;
			productType = "com.apple.product-type.application";
		};
/* End PBXNativeTarget section */

/* Begin PBXProject section */
		6DD96FFA21F0E77C0076DA4D /* Project object */ = {
			isa = PBXProject;
			attributes = {
				LastSwiftUpdateCheck = 1010;
				LastUpgradeCheck = 1010;
				ORGANIZATIONNAME = "Eric Hernandez";
				TargetAttributes = {
					6DD9700121F0E77C0076DA4D = {
						CreatedOnToolsVersion = 10.1;
					};
				};
			};
			buildConfigurationList = 6DD96FFD21F0E77C0076DA4D /* Build configuration list for PBXProject "sb2" */;
			compatibilityVersion = "Xcode 9.3";
			developmentRegion = en;
			hasScannedForEncodings = 0;
			knownRegions = (
				en,
				Base,
			);
			mainGroup = 6DD96FF921F0E77C0076DA4D;
			productRefGroup = 6DD9700321F0E77C0076DA4D /* Products */;
			projectDirPath = "";
			projectRoot = "";
			targets = (
				6DD9700121F0E77C0076DA4D /* sb2 */,
			);
		};
/* End PBXProject section */

/* Begin PBXResourcesBuildPhase section */
		6DD9700021F0E77C0076DA4D /* Resources */ = {
			isa = PBXResourcesBuildPhase;
			buildActionMask = 2147483647;
			files = (
				6DD9701021F0E77E0076DA4D /* LaunchScreen.storyboard in Resources */,
				6DD9700D21F0E77E0076DA4D /* Assets.xcassets in Resources */,
				6DD9700B21F0E77C0076DA4D /* Main.storyboard in Resources */,
			);
			runOnlyForDeploymentPostprocessing = 0;
		};
/* End PBXResourcesBuildPhase section */

/* Begin PBXShellScriptBuildPhase section */
		405B0F6CE64839B0F9176F35 /* [CP] Check Pods Manifest.lock */ = {
			isa = PBXShellScriptBuildPhase;
			buildActionMask = 2147483647;
			files = (
			);
			inputFileListPaths = (
			);
			inputPaths = (
				"${PODS_PODFILE_DIR_PATH}/Podfile.lock",
				"${PODS_ROOT}/Manifest.lock",
			);
			name = "[CP] Check Pods Manifest.lock";
			outputFileListPaths = (
			);
			outputPaths = (
				"$(DERIVED_FILE_DIR)/Pods-sb2-checkManifestLockResult.txt",
			);
			runOnlyForDeploymentPostprocessing = 0;
			shellPath = /bin/sh;
			shellScript = "diff \"${PODS_PODFILE_DIR_PATH}/Podfile.lock\" \"${PODS_ROOT}/Manifest.lock\" > /dev/null\nif [ $? != 0 ] ; then\n    # print error to STDERR\n    echo \"error: The sandbox is not in sync with the Podfile.lock. Run 'pod install' or update your CocoaPods installation.\" >&2\n    exit 1\nfi\n# This output is used by Xcode 'outputs' to avoid re-running this script phase.\necho \"SUCCESS\" > \"${SCRIPT_OUTPUT_FILE_0}\"\n";
			showEnvVarsInLog = 0;
		};
		B9DBF3A70593FCF8FE460968 /* [CP] Embed Pods Frameworks */ = {
			isa = PBXShellScriptBuildPhase;
			buildActionMask = 2147483647;
			files = (
			);
			inputFileListPaths = (
			);
			inputPaths = (
				"${SRCROOT}/Pods/Target Support Files/Pods-sb2/Pods-sb2-frameworks.sh",
				"${BUILT_PRODUCTS_DIR}/SwiftSoup/SwiftSoup.framework",
			);
			name = "[CP] Embed Pods Frameworks";
			outputFileListPaths = (
			);
			outputPaths = (
				"${TARGET_BUILD_DIR}/${FRAMEWORKS_FOLDER_PATH}/SwiftSoup.framework",
			);
			runOnlyForDeploymentPostprocessing = 0;
			shellPath = /bin/sh;
			shellScript = "\"${SRCROOT}/Pods/Target Support Files/Pods-sb2/Pods-sb2-frameworks.sh\"\n";
			showEnvVarsInLog = 0;
		};
/* End PBXShellScriptBuildPhase section */

/* Begin PBXSourcesBuildPhase section */
		6DD96FFE21F0E77C0076DA4D /* Sources */ = {
			isa = PBXSourcesBuildPhase;
			buildActionMask = 2147483647;
			files = (
				6DD9700821F0E77C0076DA4D /* ViewController.swift in Sources */,
				6DD9701B21F105640076DA4D /* WordBank.swift in Sources */,
				6DD9700621F0E77C0076DA4D /* AppDelegate.swift in Sources */,
				6DD9701921F1050B0076DA4D /* Word.swift in Sources */,
			);
			runOnlyForDeploymentPostprocessing = 0;
		};
/* End PBXSourcesBuildPhase section */

/* Begin PBXVariantGroup section */
		6DD9700921F0E77C0076DA4D /* Main.storyboard */ = {
			isa = PBXVariantGroup;
			children = (
				6DD9700A21F0E77C0076DA4D /* Base */,
			);
			name = Main.storyboard;
			sourceTree = "<group>";
		};
		6DD9700E21F0E77E0076DA4D /* LaunchScreen.storyboard */ = {
			isa = PBXVariantGroup;
			children = (
				6DD9700F21F0E77E0076DA4D /* Base */,
			);
			name = LaunchScreen.storyboard;
			sourceTree = "<group>";
		};
/* End PBXVariantGroup section */

/* Begin XCBuildConfiguration section */
		6DD9701221F0E77E0076DA4D /* Debug */ = {
			isa = XCBuildConfiguration;
			buildSettings = {
				ALWAYS_SEARCH_USER_PATHS = NO;
				CLANG_ANALYZER_NONNULL = YES;
				CLANG_ANALYZER_NUMBER_OBJECT_CONVERSION = YES_AGGRESSIVE;
				CLANG_CXX_LANGUAGE_STANDARD = "gnu++14";
				CLANG_CXX_LIBRARY = "libc++";
				CLANG_ENABLE_MODULES = YES;
				CLANG_ENABLE_OBJC_ARC = YES;
				CLANG_ENABLE_OBJC_WEAK = YES;
				CLANG_WARN_BLOCK_CAPTURE_AUTORELEASING = YES;
				CLANG_WARN_BOOL_CONVERSION = YES;
				CLANG_WARN_COMMA = YES;
				CLANG_WARN_CONSTANT_CONVERSION = YES;
				CLANG_WARN_DEPRECATED_OBJC_IMPLEMENTATIONS = YES;
				CLANG_WARN_DIRECT_OBJC_ISA_USAGE = YES_ERROR;
				CLANG_WARN_DOCUMENTATION_COMMENTS = YES;
				CLANG_WARN_EMPTY_BODY = YES;
				CLANG_WARN_ENUM_CONVERSION = YES;
				CLANG_WARN_INFINITE_RECURSION = YES;
				CLANG_WARN_INT_CONVERSION = YES;
				CLANG_WARN_NON_LITERAL_NULL_CONVERSION = YES;
				CLANG_WARN_OBJC_IMPLICIT_RETAIN_SELF = YES;
				CLANG_WARN_OBJC_LITERAL_CONVERSION = YES;
				CLANG_WARN_OBJC_ROOT_CLASS = YES_ERROR;
				CLANG_WARN_RANGE_LOOP_ANALYSIS = YES;
				CLANG_WARN_STRICT_PROTOTYPES = YES;
				CLANG_WARN_SUSPICIOUS_MOVE = YES;
				CLANG_WARN_UNGUARDED_AVAILABILITY = YES_AGGRESSIVE;
				CLANG_WARN_UNREACHABLE_CODE = YES;
				CLANG_WARN__DUPLICATE_METHOD_MATCH = YES;
				CODE_SIGN_IDENTITY = "iPhone Developer";
				COPY_PHASE_STRIP = NO;
				DEBUG_INFORMATION_FORMAT = dwarf;
				ENABLE_STRICT_OBJC_MSGSEND = YES;
				ENABLE_TESTABILITY = YES;
				GCC_C_LANGUAGE_STANDARD = gnu11;
				GCC_DYNAMIC_NO_PIC = NO;
				GCC_NO_COMMON_BLOCKS = YES;
				GCC_OPTIMIZATION_LEVEL = 0;
				GCC_PREPROCESSOR_DEFINITIONS = (
					"DEBUG=1",
					"$(inherited)",
				);
				GCC_WARN_64_TO_32_BIT_CONVERSION = YES;
				GCC_WARN_ABOUT_RETURN_TYPE = YES_ERROR;
				GCC_WARN_UNDECLARED_SELECTOR = YES;
				GCC_WARN_UNINITIALIZED_AUTOS = YES_AGGRESSIVE;
				GCC_WARN_UNUSED_FUNCTION = YES;
				GCC_WARN_UNUSED_VARIABLE = YES;
				IPHONEOS_DEPLOYMENT_TARGET = 12.1;
				MTL_ENABLE_DEBUG_INFO = INCLUDE_SOURCE;
				MTL_FAST_MATH = YES;
				ONLY_ACTIVE_ARCH = YES;
				SDKROOT = iphoneos;
				SWIFT_ACTIVE_COMPILATION_CONDITIONS = DEBUG;
				SWIFT_OPTIMIZATION_LEVEL = "-Onone";
			};
			name = Debug;
		};
		6DD9701321F0E77E0076DA4D /* Release */ = {
			isa = XCBuildConfiguration;
			buildSettings = {
				ALWAYS_SEARCH_USER_PATHS = NO;
				CLANG_ANALYZER_NONNULL = YES;
				CLANG_ANALYZER_NUMBER_OBJECT_CONVERSION = YES_AGGRESSIVE;
				CLANG_CXX_LANGUAGE_STANDARD = "gnu++14";
				CLANG_CXX_LIBRARY = "libc++";
				CLANG_ENABLE_MODULES = YES;
				CLANG_ENABLE_OBJC_ARC = YES;
				CLANG_ENABLE_OBJC_WEAK = YES;
				CLANG_WARN_BLOCK_CAPTURE_AUTORELEASING = YES;
				CLANG_WARN_BOOL_CONVERSION = YES;
				CLANG_WARN_COMMA = YES;
				CLANG_WARN_CONSTANT_CONVERSION = YES;
				CLANG_WARN_DEPRECATED_OBJC_IMPLEMENTATIONS = YES;
				CLANG_WARN_DIRECT_OBJC_ISA_USAGE = YES_ERROR;
				CLANG_WARN_DOCUMENTATION_COMMENTS = YES;
				CLANG_WARN_EMPTY_BODY = YES;
				CLANG_WARN_ENUM_CONVERSION = YES;
				CLANG_WARN_INFINITE_RECURSION = YES;
				CLANG_WARN_INT_CONVERSION = YES;
				CLANG_WARN_NON_LITERAL_NULL_CONVERSION = YES;
				CLANG_WARN_OBJC_IMPLICIT_RETAIN_SELF = YES;
				CLANG_WARN_OBJC_LITERAL_CONVERSION = YES;
				CLANG_WARN_OBJC_ROOT_CLASS = YES_ERROR;
				CLANG_WARN_RANGE_LOOP_ANALYSIS = YES;
				CLANG_WARN_STRICT_PROTOTYPES = YES;
				CLANG_WARN_SUSPICIOUS_MOVE = YES;
				CLANG_WARN_UNGUARDED_AVAILABILITY = YES_AGGRESSIVE;
				CLANG_WARN_UNREACHABLE_CODE = YES;
				CLANG_WARN__DUPLICATE_METHOD_MATCH = YES;
				CODE_SIGN_IDENTITY = "iPhone Developer";
				COPY_PHASE_STRIP = NO;
				DEBUG_INFORMATION_FORMAT = "dwarf-with-dsym";
				ENABLE_NS_ASSERTIONS = NO;
				ENABLE_STRICT_OBJC_MSGSEND = YES;
				GCC_C_LANGUAGE_STANDARD = gnu11;
				GCC_NO_COMMON_BLOCKS = YES;
				GCC_WARN_64_TO_32_BIT_CONVERSION = YES;
				GCC_WARN_ABOUT_RETURN_TYPE = YES_ERROR;
				GCC_WARN_UNDECLARED_SELECTOR = YES;
				GCC_WARN_UNINITIALIZED_AUTOS = YES_AGGRESSIVE;
				GCC_WARN_UNUSED_FUNCTION = YES;
				GCC_WARN_UNUSED_VARIABLE = YES;
				IPHONEOS_DEPLOYMENT_TARGET = 12.1;
				MTL_ENABLE_DEBUG_INFO = NO;
				MTL_FAST_MATH = YES;
				SDKROOT = iphoneos;
				SWIFT_COMPILATION_MODE = wholemodule;
				SWIFT_OPTIMIZATION_LEVEL = "-O";
				VALIDATE_PRODUCT = YES;
			};
			name = Release;
		};
		6DD9701521F0E77E0076DA4D /* Debug */ = {
			isa = XCBuildConfiguration;
			baseConfigurationReference = 78EACCE8DF7E42BD5A34FAFC /* Pods-sb2.debug.xcconfig */;
			buildSettings = {
				ASSETCATALOG_COMPILER_APPICON_NAME = AppIcon;
				CODE_SIGN_STYLE = Automatic;
				DEVELOPMENT_TEAM = W486C2LXU7;
				INFOPLIST_FILE = sb2/Info.plist;
				LD_RUNPATH_SEARCH_PATHS = (
					"$(inherited)",
					"@executable_path/Frameworks",
				);
				PRODUCT_BUNDLE_IDENTIFIER = com.eands9.sb2;
				PRODUCT_NAME = "$(TARGET_NAME)";
				SWIFT_VERSION = 4.2;
				TARGETED_DEVICE_FAMILY = "1,2";
			};
			name = Debug;
		};
		6DD9701621F0E77E0076DA4D /* Release */ = {
			isa = XCBuildConfiguration;
			baseConfigurationReference = 00190AACB68FC47E70C221C8 /* Pods-sb2.release.xcconfig */;
			buildSettings = {
				ASSETCATALOG_COMPILER_APPICON_NAME = AppIcon;
				CODE_SIGN_STYLE = Automatic;
				DEVELOPMENT_TEAM = W486C2LXU7;
				INFOPLIST_FILE = sb2/Info.plist;
				LD_RUNPATH_SEARCH_PATHS = (
					"$(inherited)",
					"@executable_path/Frameworks",
				);
				PRODUCT_BUNDLE_IDENTIFIER = com.eands9.sb2;
				PRODUCT_NAME = "$(TARGET_NAME)";
				SWIFT_VERSION = 4.2;
				TARGETED_DEVICE_FAMILY = "1,2";
			};
			name = Release;
		};
/* End XCBuildConfiguration section */

/* Begin XCConfigurationList section */
		6DD96FFD21F0E77C0076DA4D /* Build configuration list for PBXProject "sb2" */ = {
			isa = XCConfigurationList;
			buildConfigurations = (
				6DD9701221F0E77E0076DA4D /* Debug */,
				6DD9701321F0E77E0076DA4D /* Release */,
			);
			defaultConfigurationIsVisible = 0;
			defaultConfigurationName = Release;
		};
		6DD9701421F0E77E0076DA4D /* Build configuration list for PBXNativeTarget "sb2" */ = {
			isa = XCConfigurationList;
			buildConfigurations = (
				6DD9701521F0E77E0076DA4D /* Debug */,
				6DD9701621F0E77E0076DA4D /* Release */,
			);
			defaultConfigurationIsVisible = 0;
			defaultConfigurationName = Release;
		};
/* End XCConfigurationList section */
	};
	rootObject = 6DD96FFA21F0E77C0076DA4D /* Project object */;
}
